
Microsoft Visual Studio Solution File, Format Version 12.00
# Visual Studio 14
VisualStudioVersion = 14.0.25420.1
MinimumVisualStudioVersion = 10.0.40219.1
Project("{FAE04EC0-301F-11D3-BF4B-00C04F79EFBC}") = "Business", "Business\Business.csproj", "{FAAFBE42-D9AB-42D8-954F-C204B5F8B12D}"
EndProject
Project("{FAE04EC0-301F-11D3-BF4B-00C04F79EFBC}") = "Shared", "Shared\Shared.csproj", "{12E4C392-207F-45D2-85C1-1ADA0297C755}"
EndProject
Project("{FAE04EC0-301F-11D3-BF4B-00C04F79EFBC}") = "Entity", "Entity\Entity.csproj", "{0E23DC17-700E-4BBF-AC48-343610AFA41B}"
EndProject
Project("{FAE04EC0-301F-11D3-BF4B-00C04F79EFBC}") = "ConsoleUI", "ConsoleUI\ConsoleUI.csproj", "{C5201B89-E85E-4E86-8A03-B0A9FA02D794}"
EndProject
Global
	GlobalSection(SolutionConfigurationPlatforms) = preSolution
		Debug|Any CPU = Debug|Any CPU
		Release|Any CPU = Release|Any CPU
	EndGlobalSection
	GlobalSection(ProjectConfigurationPlatforms) = postSolution
		{FAAFBE42-D9AB-42D8-954F-C204B5F8B12D}.Debug|Any CPU.ActiveCfg = Debug|Any CPU
		{FAAFBE42-D9AB-42D8-954F-C204B5F8B12D}.Debug|Any CPU.Build.0 = Debug|Any CPU
		{FAAFBE42-D9AB-42D8-954F-C204B5F8B12D}.Release|Any CPU.ActiveCfg = Release|Any CPU
		{FAAFBE42-D9AB-42D8-954F-C204B5F8B12D}.Release|Any CPU.Build.0 = Release|Any CPU
		{12E4C392-207F-45D2-85C1-1ADA0297C755}.Debug|Any CPU.ActiveCfg = Debug|Any CPU
		{12E4C392-207F-45D2-85C1-1ADA0297C755}.Debug|Any CPU.Build.0 = Debug|Any CPU
		{12E4C392-207F-45D2-85C1-1ADA0297C755}.Release|Any CPU.ActiveCfg = Release|Any CPU
		{12E4C392-207F-45D2-85C1-1ADA0297C755}.Release|Any CPU.Build.0 = Release|Any CPU
		{0E23DC17-700E-4BBF-AC48-343610AFA41B}.Debug|Any CPU.ActiveCfg = Debug|Any CPU
		{0E23DC17-700E-4BBF-AC48-343610AFA41B}.Debug|Any CPU.Build.0 = Debug|Any CPU
		{0E23DC17-700E-4BBF-AC48-343610AFA41B}.Release|Any CPU.ActiveCfg = Release|Any CPU
		{0E23DC17-700E-4BBF-AC48-343610AFA41B}.Release|Any CPU.Build.0 = Release|Any CPU
		{C5201B89-E85E-4E86-8A03-B0A9FA02D794}.Debug|Any CPU.ActiveCfg = Debug|Any CPU
		{C5201B89-E85E-4E86-8A03-B0A9FA02D794}.Debug|Any CPU.Build.0 = Debug|Any CPU
		{C5201B89-E85E-4E86-8A03-B0A9FA02D794}.Release|Any CPU.ActiveCfg = Release|Any CPU
		{C5201B89-E85E-4E86-8A03-B0A9FA02D794}.Release|Any CPU.Build.0 = Release|Any CPU
	EndGlobalSection
	GlobalSection(SolutionProperties) = preSolution
		HideSolutionNode = FALSE
	EndGlobalSection
EndGlobal
